
Microsoft Visual Studio Solution File, Format Version 12.00
# Visual Studio 15
VisualStudioVersion = 15.0.27703.2035
MinimumVisualStudioVersion = 10.0.40219.1
Project("{2150E333-8FDC-42A3-9474-1A3956D46DE8}") = "src", "src", "{B5A043B7-C1F0-4B45-8C6A-7AEAA9097E17}"
EndProject
Project("{8BC9CEB8-8B4A-11D0-8D11-00A0C91BC942}") = "LIEPA", "src\LIEPA\LIEPA.vcxproj", "{AA34F290-530C-48A5-BACC-A3E371C8C002}"
EndProject
Project("{8BC9CEB8-8B4A-11D0-8D11-00A0C91BC942}") = "LithUSS", "src\LithUSS\LithUSS.vcxproj", "{5FB0EE43-F747-48C2-B20C-46D3C1429EFA}"
EndProject
Project("{8BC9CEB8-8B4A-11D0-8D11-00A0C91BC942}") = "RateChange", "src\RateChange\RateChange.vcxproj", "{F8E87DDC-99FE-441A-BCDB-D6A12319FA3D}"
EndProject
Project("{8BC9CEB8-8B4A-11D0-8D11-00A0C91BC942}") = "TextNormalization", "src\TextNormalization\TextNormalization.vcxproj", "{63BF1E1A-7F9C-47A1-ACD2-BB7C1FAADCAB}"
EndProject
Project("{8BC9CEB8-8B4A-11D0-8D11-00A0C91BC942}") = "transcrLUSS", "src\transcrLUSS\transcrLUSS.vcxproj", "{B8AC3955-8E63-41C0-812E-E4B6181EC989}"
EndProject
Project("{8BC9CEB8-8B4A-11D0-8D11-00A0C91BC942}") = "UnitSelection", "src\UnitSelection\UnitSelection.vcxproj", "{A1D42926-2C35-4007-B88B-7B5E4BA5C054}"
EndProject
Project("{2150E333-8FDC-42A3-9474-1A3956D46DE8}") = "test", "test", "{BDB4133F-BBAE-4095-9604-438F41A7F0F5}"
EndProject
Project("{8BC9CEB8-8B4A-11D0-8D11-00A0C91BC942}") = "LithUSStest", "test\LithUSSTest\LithUSStest.vcxproj", "{8180BA5D-AD1E-4CB6-81F0-3B7A059843B7}"
EndProject
Global
	GlobalSection(SolutionConfigurationPlatforms) = preSolution
		Debug|x86 = Debug|x86
		Release|x86 = Release|x86
	EndGlobalSection
	GlobalSection(ProjectConfigurationPlatforms) = postSolution
		{AA34F290-530C-48A5-BACC-A3E371C8C002}.Debug|x86.ActiveCfg = Debug|Win32
		{AA34F290-530C-48A5-BACC-A3E371C8C002}.Debug|x86.Build.0 = Debug|Win32
		{AA34F290-530C-48A5-BACC-A3E371C8C002}.Release|x86.ActiveCfg = Release|Win32
		{AA34F290-530C-48A5-BACC-A3E371C8C002}.Release|x86.Build.0 = Release|Win32
		{5FB0EE43-F747-48C2-B20C-46D3C1429EFA}.Debug|x86.ActiveCfg = Debug|Win32
		{5FB0EE43-F747-48C2-B20C-46D3C1429EFA}.Debug|x86.Build.0 = Debug|Win32
		{5FB0EE43-F747-48C2-B20C-46D3C1429EFA}.Release|x86.ActiveCfg = Release|Win32
		{5FB0EE43-F747-48C2-B20C-46D3C1429EFA}.Release|x86.Build.0 = Release|Win32
		{F8E87DDC-99FE-441A-BCDB-D6A12319FA3D}.Debug|x86.ActiveCfg = Debug|Win32
		{F8E87DDC-99FE-441A-BCDB-D6A12319FA3D}.Debug|x86.Build.0 = Debug|Win32
		{F8E87DDC-99FE-441A-BCDB-D6A12319FA3D}.Release|x86.ActiveCfg = Release|Win32
		{F8E87DDC-99FE-441A-BCDB-D6A12319FA3D}.Release|x86.Build.0 = Release|Win32
		{63BF1E1A-7F9C-47A1-ACD2-BB7C1FAADCAB}.Debug|x86.ActiveCfg = Debug|Win32
		{63BF1E1A-7F9C-47A1-ACD2-BB7C1FAADCAB}.Debug|x86.Build.0 = Debug|Win32
		{63BF1E1A-7F9C-47A1-ACD2-BB7C1FAADCAB}.Release|x86.ActiveCfg = Release|Win32
		{63BF1E1A-7F9C-47A1-ACD2-BB7C1FAADCAB}.Release|x86.Build.0 = Release|Win32
		{B8AC3955-8E63-41C0-812E-E4B6181EC989}.Debug|x86.ActiveCfg = Debug|Win32
		{B8AC3955-8E63-41C0-812E-E4B6181EC989}.Debug|x86.Build.0 = Debug|Win32
		{B8AC3955-8E63-41C0-812E-E4B6181EC989}.Release|x86.ActiveCfg = Release|Win32
		{B8AC3955-8E63-41C0-812E-E4B6181EC989}.Release|x86.Build.0 = Release|Win32
		{A1D42926-2C35-4007-B88B-7B5E4BA5C054}.Debug|x86.ActiveCfg = Debug|Win32
		{A1D42926-2C35-4007-B88B-7B5E4BA5C054}.Debug|x86.Build.0 = Debug|Win32
		{A1D42926-2C35-4007-B88B-7B5E4BA5C054}.Release|x86.ActiveCfg = Release|Win32
		{A1D42926-2C35-4007-B88B-7B5E4BA5C054}.Release|x86.Build.0 = Release|Win32
		{8180BA5D-AD1E-4CB6-81F0-3B7A059843B7}.Debug|x86.ActiveCfg = Debug|Win32
		{8180BA5D-AD1E-4CB6-81F0-3B7A059843B7}.Debug|x86.Build.0 = Debug|Win32
		{8180BA5D-AD1E-4CB6-81F0-3B7A059843B7}.Release|x86.ActiveCfg = Release|Win32
		{8180BA5D-AD1E-4CB6-81F0-3B7A059843B7}.Release|x86.Build.0 = Release|Win32
	EndGlobalSection
	GlobalSection(SolutionProperties) = preSolution
		HideSolutionNode = FALSE
	EndGlobalSection
	GlobalSection(NestedProjects) = preSolution
		{AA34F290-530C-48A5-BACC-A3E371C8C002} = {B5A043B7-C1F0-4B45-8C6A-7AEAA9097E17}
		{5FB0EE43-F747-48C2-B20C-46D3C1429EFA} = {B5A043B7-C1F0-4B45-8C6A-7AEAA9097E17}
		{F8E87DDC-99FE-441A-BCDB-D6A12319FA3D} = {B5A043B7-C1F0-4B45-8C6A-7AEAA9097E17}
		{63BF1E1A-7F9C-47A1-ACD2-BB7C1FAADCAB} = {B5A043B7-C1F0-4B45-8C6A-7AEAA9097E17}
		{B8AC3955-8E63-41C0-812E-E4B6181EC989} = {B5A043B7-C1F0-4B45-8C6A-7AEAA9097E17}
		{A1D42926-2C35-4007-B88B-7B5E4BA5C054} = {B5A043B7-C1F0-4B45-8C6A-7AEAA9097E17}
		{8180BA5D-AD1E-4CB6-81F0-3B7A059843B7} = {BDB4133F-BBAE-4095-9604-438F41A7F0F5}
	EndGlobalSection
	GlobalSection(ExtensibilityGlobals) = postSolution
		SolutionGuid = {CB974C42-47DE-4537-814A-ABC1FA5A9756}
	EndGlobalSection
EndGlobal
